// !$*UTF8*$!
{
	archiveVersion = 1;
	classes = {
	};
	objectVersion = 46;
	objects = {

/* Begin PBXBuildFile section */
		63AAB9A11DBCEBB700FDF931 /* AppDelegate.swift in Sources */ = {isa = PBXBuildFile; fileRef = 63AAB9A01DBCEBB700FDF931 /* AppDelegate.swift */; };
		63AAB9A31DBCEBB700FDF931 /* ViewController.swift in Sources */ = {isa = PBXBuildFile; fileRef = 63AAB9A21DBCEBB700FDF931 /* ViewController.swift */; };
		63AAB9A61DBCEBB800FDF931 /* Main.storyboard in Resources */ = {isa = PBXBuildFile; fileRef = 63AAB9A41DBCEBB800FDF931 /* Main.storyboard */; };
		63AAB9A81DBCEBB900FDF931 /* Assets.xcassets in Resources */ = {isa = PBXBuildFile; fileRef = 63AAB9A71DBCEBB900FDF931 /* Assets.xcassets */; };
		63AAB9AB1DBCEBB900FDF931 /* LaunchScreen.storyboard in Resources */ = {isa = PBXBuildFile; fileRef = 63AAB9A91DBCEBB900FDF931 /* LaunchScreen.storyboard */; };
/* End PBXBuildFile section */

/* Begin PBXFileReference section */
		63AAB99D1DBCEBB600FDF931 /* App_Alamofire_Spotify.app */ = {isa = PBXFileReference; explicitFileType = wrapper.application; includeInIndex = 0; path = App_Alamofire_Spotify.app; sourceTree = BUILT_PRODUCTS_DIR; };
		63AAB9A01DBCEBB700FDF931 /* AppDelegate.swift */ = {isa = PBXFileReference; lastKnownFileType = sourcecode.swift; path = AppDelegate.swift; sourceTree = "<group>"; };
		63AAB9A21DBCEBB700FDF931 /* ViewController.swift */ = {isa = PBXFileReference; lastKnownFileType = sourcecode.swift; path = ViewController.swift; sourceTree = "<group>"; };
		63AAB9A51DBCEBB800FDF931 /* Base */ = {isa = PBXFileReference; lastKnownFileType = file.storyboard; name = Base; path = Base.lproj/Main.storyboard; sourceTree = "<group>"; };
		63AAB9A71DBCEBB900FDF931 /* Assets.xcassets */ = {isa = PBXFileReference; lastKnownFileType = folder.assetcatalog; path = Assets.xcassets; sourceTree = "<group>"; };
		63AAB9AA1DBCEBB900FDF931 /* Base */ = {isa = PBXFileReference; lastKnownFileType = file.storyboard; name = Base; path = Base.lproj/LaunchScreen.storyboard; sourceTree = "<group>"; };
		63AAB9AC1DBCEBBC00FDF931 /* Info.plist */ = {isa = PBXFileReference; lastKnownFileType = text.plist.xml; path = Info.plist; sourceTree = "<group>"; };
/* End PBXFileReference section */

/* Begin PBXFrameworksBuildPhase section */
		63AAB99A1DBCEBB600FDF931 /* Frameworks */ = {
			isa = PBXFrameworksBuildPhase;
			buildActionMask = 2147483647;
			files = (
			);
			runOnlyForDeploymentPostprocessing = 0;
		};
/* End PBXFrameworksBuildPhase section */

/* Begin PBXGroup section */
		63AAB9941DBCEBB500FDF931 = {
			isa = PBXGroup;
			children = (
				63AAB99F1DBCEBB600FDF931 /* App_Alamofire_Spotify */,
				63AAB99E1DBCEBB600FDF931 /* Products */,
			);
			sourceTree = "<group>";
		};
		63AAB99E1DBCEBB600FDF931 /* Products */ = {
			isa = PBXGroup;
			children = (
				63AAB99D1DBCEBB600FDF931 /* App_Alamofire_Spotify.app */,
			);
			name = Products;
			sourceTree = "<group>";
		};
		63AAB99F1DBCEBB600FDF931 /* App_Alamofire_Spotify */ = {
			isa = PBXGroup;
			children = (
				63AAB9A01DBCEBB700FDF931 /* AppDelegate.swift */,
				63AAB9A21DBCEBB700FDF931 /* ViewController.swift */,
				63AAB9A41DBCEBB800FDF931 /* Main.storyboard */,
				63AAB9A71DBCEBB900FDF931 /* Assets.xcassets */,
				63AAB9A91DBCEBB900FDF931 /* LaunchScreen.storyboard */,
				63AAB9AC1DBCEBBC00FDF931 /* Info.plist */,
			);
			path = App_Alamofire_Spotify;
			sourceTree = "<group>";
		};
/* End PBXGroup section */

/* Begin PBXNativeTarget section */
		63AAB99C1DBCEBB600FDF931 /* App_Alamofire_Spotify */ = {
			isa = PBXNativeTarget;
			buildConfigurationList = 63AAB9AF1DBCEBBC00FDF931 /* Build configuration list for PBXNativeTarget "App_Alamofire_Spotify" */;
			buildPhases = (
				63AAB9991DBCEBB600FDF931 /* Sources */,
				63AAB99A1DBCEBB600FDF931 /* Frameworks */,
				63AAB99B1DBCEBB600FDF931 /* Resources */,
			);
			buildRules = (
			);
			dependencies = (
			);
			name = App_Alamofire_Spotify;
			productName = App_Alamofire_Spotify;
			productReference = 63AAB99D1DBCEBB600FDF931 /* App_Alamofire_Spotify.app */;
			productType = "com.apple.product-type.application";
		};
/* End PBXNativeTarget section */

/* Begin PBXProject section */
		63AAB9951DBCEBB500FDF931 /* Project object */ = {
			isa = PBXProject;
			attributes = {
				LastSwiftUpdateCheck = 0800;
				LastUpgradeCheck = 0800;
				ORGANIZATIONNAME = icologic;
				TargetAttributes = {
					63AAB99C1DBCEBB600FDF931 = {
						CreatedOnToolsVersion = 8.0;
						DevelopmentTeam = 2C7W4RF846;
						ProvisioningStyle = Automatic;
					};
				};
			};
			buildConfigurationList = 63AAB9981DBCEBB500FDF931 /* Build configuration list for PBXProject "App_Alamofire_Spotify" */;
			compatibilityVersion = "Xcode 3.2";
			developmentRegion = English;
			hasScannedForEncodings = 0;
			knownRegions = (
				en,
				Base,
			);
			mainGroup = 63AAB9941DBCEBB500FDF931;
			productRefGroup = 63AAB99E1DBCEBB600FDF931 /* Products */;
			projectDirPath = "";
			projectRoot = "";
			targets = (
				63AAB99C1DBCEBB600FDF931 /* App_Alamofire_Spotify */,
			);
		};
/* End PBXProject section */

/* Begin PBXResourcesBuildPhase section */
		63AAB99B1DBCEBB600FDF931 /* Resources */ = {
			isa = PBXResourcesBuildPhase;
			buildActionMask = 2147483647;
			files = (
				63AAB9AB1DBCEBB900FDF931 /* LaunchScreen.storyboard in Resources */,
				63AAB9A81DBCEBB900FDF931 /* Assets.xcassets in Resources */,
				63AAB9A61DBCEBB800FDF931 /* Main.storyboard in Resources */,
			);
			runOnlyForDeploymentPostprocessing = 0;
		};
/* End PBXResourcesBuildPhase section */

/* Begin PBXSourcesBuildPhase section */
		63AAB9991DBCEBB600FDF931 /* Sources */ = {
			isa = PBXSourcesBuildPhase;
			buildActionMask = 2147483647;
			files = (
				63AAB9A31DBCEBB700FDF931 /* ViewController.swift in Sources */,
				63AAB9A11DBCEBB700FDF931 /* AppDelegate.swift in Sources */,
			);
			runOnlyForDeploymentPostprocessing = 0;
		};
/* End PBXSourcesBuildPhase section */

/* Begin PBXVariantGroup section */
		63AAB9A41DBCEBB800FDF931 /* Main.storyboard */ = {
			isa = PBXVariantGroup;
			children = (
				63AAB9A51DBCEBB800FDF931 /* Base */,
			);
			name = Main.storyboard;
			sourceTree = "<group>";
		};
		63AAB9A91DBCEBB900FDF931 /* LaunchScreen.storyboard */ = {
			isa = PBXVariantGroup;
			children = (
				63AAB9AA1DBCEBB900FDF931 /* Base */,
			);
			name = LaunchScreen.storyboard;
			sourceTree = "<group>";
		};
/* End PBXVariantGroup section */

/* Begin XCBuildConfiguration section */
		63AAB9AD1DBCEBBC00FDF931 /* Debug */ = {
			isa = XCBuildConfiguration;
			buildSettings = {
				ALWAYS_SEARCH_USER_PATHS = NO;
				CLANG_ANALYZER_NONNULL = YES;
				CLANG_CXX_LANGUAGE_STANDARD = "gnu++0x";
				CLANG_CXX_LIBRARY = "libc++";
				CLANG_ENABLE_MODULES = YES;
				CLANG_ENABLE_OBJC_ARC = YES;
				CLANG_WARN_BOOL_CONVERSION = YES;
				CLANG_WARN_CONSTANT_CONVERSION = YES;
				CLANG_WARN_DIRECT_OBJC_ISA_USAGE = YES_ERROR;
				CLANG_WARN_DOCUMENTATION_COMMENTS = YES;
				CLANG_WARN_EMPTY_BODY = YES;
				CLANG_WARN_ENUM_CONVERSION = YES;
				CLANG_WARN_INFINITE_RECURSION = YES;
				CLANG_WARN_INT_CONVERSION = YES;
				CLANG_WARN_OBJC_ROOT_CLASS = YES_ERROR;
				CLANG_WARN_SUSPICIOUS_MOVES = YES;
				CLANG_WARN_UNREACHABLE_CODE = YES;
				CLANG_WARN__DUPLICATE_METHOD_MATCH = YES;
				"CODE_SIGN_IDENTITY[sdk=iphoneos*]" = "iPhone Developer";
				COPY_PHASE_STRIP = NO;
				DEBUG_INFORMATION_FORMAT = dwarf;
				ENABLE_STRICT_OBJC_MSGSEND = YES;
				ENABLE_TESTABILITY = YES;
				GCC_C_LANGUAGE_STANDARD = gnu99;
				GCC_DYNAMIC_NO_PIC = NO;
				GCC_NO_COMMON_BLOCKS = YES;
				GCC_OPTIMIZATION_LEVEL = 0;
				GCC_PREPROCESSOR_DEFINITIONS = (
					"DEBUG=1",
					"$(inherited)",
				);
				GCC_WARN_64_TO_32_BIT_CONVERSION = YES;
				GCC_WARN_ABOUT_RETURN_TYPE = YES_ERROR;
				GCC_WARN_UNDECLARED_SELECTOR = YES;
				GCC_WARN_UNINITIALIZED_AUTOS = YES_AGGRESSIVE;
				GCC_WARN_UNUSED_FUNCTION = YES;
				GCC_WARN_UNUSED_VARIABLE = YES;
				IPHONEOS_DEPLOYMENT_TARGET = 10.0;
				MTL_ENABLE_DEBUG_INFO = YES;
				ONLY_ACTIVE_ARCH = YES;
				SDKROOT = iphoneos;
				SWIFT_ACTIVE_COMPILATION_CONDITIONS = DEBUG;
				SWIFT_OPTIMIZATION_LEVEL = "-Onone";
			};
			name = Debug;
		};
		63AAB9AE1DBCEBBC00FDF931 /* Release */ = {
			isa = XCBuildConfiguration;
			buildSettings = {
				ALWAYS_SEARCH_USER_PATHS = NO;
				CLANG_ANALYZER_NONNULL = YES;
				CLANG_CXX_LANGUAGE_STANDARD = "gnu++0x";
				CLANG_CXX_LIBRARY = "libc++";
				CLANG_ENABLE_MODULES = YES;
				CLANG_ENABLE_OBJC_ARC = YES;
				CLANG_WARN_BOOL_CONVERSION = YES;
				CLANG_WARN_CONSTANT_CONVERSION = YES;
				CLANG_WARN_DIRECT_OBJC_ISA_USAGE = YES_ERROR;
				CLANG_WARN_DOCUMENTATION_COMMENTS = YES;
				CLANG_WARN_EMPTY_BODY = YES;
				CLANG_WARN_ENUM_CONVERSION = YES;
				CLANG_WARN_INFINITE_RECURSION = YES;
				CLANG_WARN_INT_CONVERSION = YES;
				CLANG_WARN_OBJC_ROOT_CLASS = YES_ERROR;
				CLANG_WARN_SUSPICIOUS_MOVES = YES;
				CLANG_WARN_UNREACHABLE_CODE = YES;
				CLANG_WARN__DUPLICATE_METHOD_MATCH = YES;
				"CODE_SIGN_IDENTITY[sdk=iphoneos*]" = "iPhone Developer";
				COPY_PHASE_STRIP = NO;
				DEBUG_INFORMATION_FORMAT = "dwarf-with-dsym";
				ENABLE_NS_ASSERTIONS = NO;
				ENABLE_STRICT_OBJC_MSGSEND = YES;
				GCC_C_LANGUAGE_STANDARD = gnu99;
				GCC_NO_COMMON_BLOCKS = YES;
				GCC_WARN_64_TO_32_BIT_CONVERSION = YES;
				GCC_WARN_ABOUT_RETURN_TYPE = YES_ERROR;
				GCC_WARN_UNDECLARED_SELECTOR = YES;
				GCC_WARN_UNINITIALIZED_AUTOS = YES_AGGRESSIVE;
				GCC_WARN_UNUSED_FUNCTION = YES;
				GCC_WARN_UNUSED_VARIABLE = YES;
				IPHONEOS_DEPLOYMENT_TARGET = 10.0;
				MTL_ENABLE_DEBUG_INFO = NO;
				SDKROOT = iphoneos;
				SWIFT_OPTIMIZATION_LEVEL = "-Owholemodule";
				VALIDATE_PRODUCT = YES;
			};
			name = Release;
		};
		63AAB9B01DBCEBBC00FDF931 /* Debug */ = {
			isa = XCBuildConfiguration;
			buildSettings = {
				ASSETCATALOG_COMPILER_APPICON_NAME = AppIcon;
				DEVELOPMENT_TEAM = 2C7W4RF846;
				INFOPLIST_FILE = App_Alamofire_Spotify/Info.plist;
				LD_RUNPATH_SEARCH_PATHS = "$(inherited) @executable_path/Frameworks";
				PRODUCT_BUNDLE_IDENTIFIER = "com.icologic.App-Alamofire-Spotify";
				PRODUCT_NAME = "$(TARGET_NAME)";
				SWIFT_VERSION = 3.0;
			};
			name = Debug;
		};
		63AAB9B11DBCEBBC00FDF931 /* Release */ = {
			isa = XCBuildConfiguration;
			buildSettings = {
				ASSETCATALOG_COMPILER_APPICON_NAME = AppIcon;
				DEVELOPMENT_TEAM = 2C7W4RF846;
				INFOPLIST_FILE = App_Alamofire_Spotify/Info.plist;
				LD_RUNPATH_SEARCH_PATHS = "$(inherited) @executable_path/Frameworks";
				PRODUCT_BUNDLE_IDENTIFIER = "com.icologic.App-Alamofire-Spotify";
				PRODUCT_NAME = "$(TARGET_NAME)";
				SWIFT_VERSION = 3.0;
			};
			name = Release;
		};
/* End XCBuildConfiguration section */

/* Begin XCConfigurationList section */
		63AAB9981DBCEBB500FDF931 /* Build configuration list for PBXProject "App_Alamofire_Spotify" */ = {
			isa = XCConfigurationList;
			buildConfigurations = (
				63AAB9AD1DBCEBBC00FDF931 /* Debug */,
				63AAB9AE1DBCEBBC00FDF931 /* Release */,
			);
			defaultConfigurationIsVisible = 0;
			defaultConfigurationName = Release;
		};
		63AAB9AF1DBCEBBC00FDF931 /* Build configuration list for PBXNativeTarget "App_Alamofire_Spotify" */ = {
			isa = XCConfigurationList;
			buildConfigurations = (
				63AAB9B01DBCEBBC00FDF931 /* Debug */,
				63AAB9B11DBCEBBC00FDF931 /* Release */,
			);
			defaultConfigurationIsVisible = 0;
		};
/* End XCConfigurationList section */
	};
	rootObject = 63AAB9951DBCEBB500FDF931 /* Project object */;
}
